# This file was autogenerated by Stack.
# You should not edit this file by hand.
# For more information, please see the documentation at:
#   https://docs.haskellstack.org/en/stable/lock_files

packages:
- completed:
    hackage: graph-0.0.0.0@sha256:896c932df46201bd9777282a37e8ad544a8b682379f342b776d4ccf16dd34846,2812
    pantry-tree:
      size: 300
      sha256: bcf2ebbdc0ec67ba41ed7035cf19de069fceda1d32b38cdd51eef9613b15487b
  original:
    hackage: graph-0.0.0.0@sha256:896c932df46201bd9777282a37e8ad544a8b682379f342b776d4ccf16dd34846,2812
snapshots:
- completed:
    size: 565720
    url: https://raw.githubusercontent.com/commercialhaskell/stackage-snapshots/master/lts/17/8.yaml
    sha256: 76bf8992ff8dfe6eda9c02f81866138c2369344d5011ab39ae403457c4448b03
  original:
    url: https://raw.githubusercontent.com/commercialhaskell/stackage-snapshots/master/lts/17/8.yaml
